// !$*UTF8*$!
{
	archiveVersion = 1;
	classes = {
	};
	objectVersion = 77;
	objects = {

/* Begin PBXContainerItemProxy section */
		D99B7C722DF7D28800D73E7E /* PBXContainerItemProxy */ = {
			isa = PBXContainerItemProxy;
			containerPortal = D99B7C5C2DF7D28600D73E7E /* Project object */;
			proxyType = 1;
			remoteGlobalIDString = D99B7C632DF7D28600D73E7E;
			remoteInfo = RoadBuddy;
		};
		D99B7C7C2DF7D28800D73E7E /* PBXContainerItemProxy */ = {
			isa = PBXContainerItemProxy;
			containerPortal = D99B7C5C2DF7D28600D73E7E /* Project object */;
			proxyType = 1;
			remoteGlobalIDString = D99B7C632DF7D28600D73E7E;
			remoteInfo = RoadBuddy;
		};
/* End PBXContainerItemProxy section */

/* Begin PBXFileReference section */
		D99B7C642DF7D28600D73E7E /* RoadBuddy.app */ = {isa = PBXFileReference; explicitFileType = wrapper.application; includeInIndex = 0; path = RoadBuddy.app; sourceTree = BUILT_PRODUCTS_DIR; };
		D99B7C712DF7D28800D73E7E /* RoadBuddyTests.xctest */ = {isa = PBXFileReference; explicitFileType = wrapper.cfbundle; includeInIndex = 0; path = RoadBuddyTests.xctest; sourceTree = BUILT_PRODUCTS_DIR; };
		D99B7C7B2DF7D28800D73E7E /* RoadBuddyUITests.xctest */ = {isa = PBXFileReference; explicitFileType = wrapper.cfbundle; includeInIndex = 0; path = RoadBuddyUITests.xctest; sourceTree = BUILT_PRODUCTS_DIR; };
/* End PBXFileReference section */

/* Begin PBXFileSystemSynchronizedRootGroup section */
		D99B7C662DF7D28600D73E7E /* RoadBuddy */ = {
			isa = PBXFileSystemSynchronizedRootGroup;
			path = RoadBuddy;
			sourceTree = "<group>";
		};
		D99B7C742DF7D28800D73E7E /* RoadBuddyTests */ = {
			isa = PBXFileSystemSynchronizedRootGroup;
			path = RoadBuddyTests;
			sourceTree = "<group>";
		};
		D99B7C7E2DF7D28800D73E7E /* RoadBuddyUITests */ = {
			isa = PBXFileSystemSynchronizedRootGroup;
			path = RoadBuddyUITests;
			sourceTree = "<group>";
		};
/* End PBXFileSystemSynchronizedRootGroup section */

/* Begin PBXFrameworksBuildPhase section */
		D99B7C612DF7D28600D73E7E /* Frameworks */ = {
			isa = PBXFrameworksBuildPhase;
			buildActionMask = 2147483647;
			files = (
			);
			runOnlyForDeploymentPostprocessing = 0;
		};
		D99B7C6E2DF7D28800D73E7E /* Frameworks */ = {
			isa = PBXFrameworksBuildPhase;
			buildActionMask = 2147483647;
			files = (
			);
			runOnlyForDeploymentPostprocessing = 0;
		};
		D99B7C782DF7D28800D73E7E /* Frameworks */ = {
			isa = PBXFrameworksBuildPhase;
			buildActionMask = 2147483647;
			files = (
			);
			runOnlyForDeploymentPostprocessing = 0;
		};
/* End PBXFrameworksBuildPhase section */

/* Begin PBXGroup section */
		D99B7C5B2DF7D28600D73E7E = {
			isa = PBXGroup;
			children = (
				D99B7C662DF7D28600D73E7E /* RoadBuddy */,
				D99B7C742DF7D28800D73E7E /* RoadBuddyTests */,
				D99B7C7E2DF7D28800D73E7E /* RoadBuddyUITests */,
				D99B7C652DF7D28600D73E7E /* Products */,
			);
			sourceTree = "<group>";
		};
		D99B7C652DF7D28600D73E7E /* Products */ = {
			isa = PBXGroup;
			children = (
				D99B7C642DF7D28600D73E7E /* RoadBuddy.app */,
				D99B7C712DF7D28800D73E7E /* RoadBuddyTests.xctest */,
				D99B7C7B2DF7D28800D73E7E /* RoadBuddyUITests.xctest */,
			);
			name = Products;
			sourceTree = "<group>";
		};
/* End PBXGroup section */

/* Begin PBXNativeTarget section */
		D99B7C632DF7D28600D73E7E /* RoadBuddy */ = {
			isa = PBXNativeTarget;
			buildConfigurationList = D99B7C852DF7D28800D73E7E /* Build configuration list for PBXNativeTarget "RoadBuddy" */;
			buildPhases = (
				D99B7C602DF7D28600D73E7E /* Sources */,
				D99B7C612DF7D28600D73E7E /* Frameworks */,
				D99B7C622DF7D28600D73E7E /* Resources */,
			);
			buildRules = (
			);
			dependencies = (
			);
			fileSystemSynchronizedGroups = (
				D99B7C662DF7D28600D73E7E /* RoadBuddy */,
			);
			name = RoadBuddy;
			packageProductDependencies = (
			);
			productName = RoadBuddy;
			productReference = D99B7C642DF7D28600D73E7E /* RoadBuddy.app */;
			productType = "com.apple.product-type.application";
		};
		D99B7C702DF7D28800D73E7E /* RoadBuddyTests */ = {
			isa = PBXNativeTarget;
			buildConfigurationList = D99B7C882DF7D28800D73E7E /* Build configuration list for PBXNativeTarget "RoadBuddyTests" */;
			buildPhases = (
				D99B7C6D2DF7D28800D73E7E /* Sources */,
				D99B7C6E2DF7D28800D73E7E /* Frameworks */,
				D99B7C6F2DF7D28800D73E7E /* Resources */,
			);
			buildRules = (
			);
			dependencies = (
				D99B7C732DF7D28800D73E7E /* PBXTargetDependency */,
			);
			fileSystemSynchronizedGroups = (
				D99B7C742DF7D28800D73E7E /* RoadBuddyTests */,
			);
			name = RoadBuddyTests;
			packageProductDependencies = (
			);
			productName = RoadBuddyTests;
			productReference = D99B7C712DF7D28800D73E7E /* RoadBuddyTests.xctest */;
			productType = "com.apple.product-type.bundle.unit-test";
		};
		D99B7C7A2DF7D28800D73E7E /* RoadBuddyUITests */ = {
			isa = PBXNativeTarget;
			buildConfigurationList = D99B7C8B2DF7D28800D73E7E /* Build configuration list for PBXNativeTarget "RoadBuddyUITests" */;
			buildPhases = (
				D99B7C772DF7D28800D73E7E /* Sources */,
				D99B7C782DF7D28800D73E7E /* Frameworks */,
				D99B7C792DF7D28800D73E7E /* Resources */,
			);
			buildRules = (
			);
			dependencies = (
				D99B7C7D2DF7D28800D73E7E /* PBXTargetDependency */,
			);
			fileSystemSynchronizedGroups = (
				D99B7C7E2DF7D28800D73E7E /* RoadBuddyUITests */,
			);
			name = RoadBuddyUITests;
			packageProductDependencies = (
			);
			productName = RoadBuddyUITests;
			productReference = D99B7C7B2DF7D28800D73E7E /* RoadBuddyUITests.xctest */;
			productType = "com.apple.product-type.bundle.ui-testing";
		};
/* End PBXNativeTarget section */

/* Begin PBXProject section */
		D99B7C5C2DF7D28600D73E7E /* Project object */ = {
			isa = PBXProject;
			attributes = {
				BuildIndependentTargetsInParallel = 1;
				LastSwiftUpdateCheck = 1640;
				LastUpgradeCheck = 1640;
				TargetAttributes = {
					D99B7C632DF7D28600D73E7E = {
						CreatedOnToolsVersion = 16.4;
					};
					D99B7C702DF7D28800D73E7E = {
						CreatedOnToolsVersion = 16.4;
						TestTargetID = D99B7C632DF7D28600D73E7E;
					};
					D99B7C7A2DF7D28800D73E7E = {
						CreatedOnToolsVersion = 16.4;
						TestTargetID = D99B7C632DF7D28600D73E7E;
					};
				};
			};
			buildConfigurationList = D99B7C5F2DF7D28600D73E7E /* Build configuration list for PBXProject "RoadBuddy" */;
			developmentRegion = en;
			hasScannedForEncodings = 0;
			knownRegions = (
				en,
				Base,
			);
			mainGroup = D99B7C5B2DF7D28600D73E7E;
			minimizedProjectReferenceProxies = 1;
			preferredProjectObjectVersion = 77;
			productRefGroup = D99B7C652DF7D28600D73E7E /* Products */;
			projectDirPath = "";
			projectRoot = "";
			targets = (
				D99B7C632DF7D28600D73E7E /* RoadBuddy */,
				D99B7C702DF7D28800D73E7E /* RoadBuddyTests */,
				D99B7C7A2DF7D28800D73E7E /* RoadBuddyUITests */,
			);
		};
/* End PBXProject section */

/* Begin PBXResourcesBuildPhase section */
		D99B7C622DF7D28600D73E7E /* Resources */ = {
			isa = PBXResourcesBuildPhase;
			buildActionMask = 2147483647;
			files = (
			);
			runOnlyForDeploymentPostprocessing = 0;
		};
		D99B7C6F2DF7D28800D73E7E /* Resources */ = {
			isa = PBXResourcesBuildPhase;
			buildActionMask = 2147483647;
			files = (
			);
			runOnlyForDeploymentPostprocessing = 0;
		};
		D99B7C792DF7D28800D73E7E /* Resources */ = {
			isa = PBXResourcesBuildPhase;
			buildActionMask = 2147483647;
			files = (
			);
			runOnlyForDeploymentPostprocessing = 0;
		};
/* End PBXResourcesBuildPhase section */

/* Begin PBXSourcesBuildPhase section */
		D99B7C602DF7D28600D73E7E /* Sources */ = {
			isa = PBXSourcesBuildPhase;
			buildActionMask = 2147483647;
			files = (
			);
			runOnlyForDeploymentPostprocessing = 0;
		};
		D99B7C6D2DF7D28800D73E7E /* Sources */ = {
			isa = PBXSourcesBuildPhase;
			buildActionMask = 2147483647;
			files = (
			);
			runOnlyForDeploymentPostprocessing = 0;
		};
		D99B7C772DF7D28800D73E7E /* Sources */ = {
			isa = PBXSourcesBuildPhase;
			buildActionMask = 2147483647;
			files = (
			);
			runOnlyForDeploymentPostprocessing = 0;
		};
/* End PBXSourcesBuildPhase section */

/* Begin PBXTargetDependency section */
		D99B7C732DF7D28800D73E7E /* PBXTargetDependency */ = {
			isa = PBXTargetDependency;
			target = D99B7C632DF7D28600D73E7E /* RoadBuddy */;
			targetProxy = D99B7C722DF7D28800D73E7E /* PBXContainerItemProxy */;
		};
		D99B7C7D2DF7D28800D73E7E /* PBXTargetDependency */ = {
			isa = PBXTargetDependency;
			target = D99B7C632DF7D28600D73E7E /* RoadBuddy */;
			targetProxy = D99B7C7C2DF7D28800D73E7E /* PBXContainerItemProxy */;
		};
/* End PBXTargetDependency section */

/* Begin XCBuildConfiguration section */
		D99B7C832DF7D28800D73E7E /* Debug */ = {
			isa = XCBuildConfiguration;
			buildSettings = {
				ALWAYS_SEARCH_USER_PATHS = NO;
				ASSETCATALOG_COMPILER_GENERATE_SWIFT_ASSET_SYMBOL_EXTENSIONS = YES;
				CLANG_ANALYZER_NONNULL = YES;
				CLANG_ANALYZER_NUMBER_OBJECT_CONVERSION = YES_AGGRESSIVE;
				CLANG_CXX_LANGUAGE_STANDARD = "gnu++20";
				CLANG_ENABLE_MODULES = YES;
				CLANG_ENABLE_OBJC_ARC = YES;
				CLANG_ENABLE_OBJC_WEAK = YES;
				CLANG_WARN_BLOCK_CAPTURE_AUTORELEASING = YES;
				CLANG_WARN_BOOL_CONVERSION = YES;
				CLANG_WARN_COMMA = YES;
				CLANG_WARN_CONSTANT_CONVERSION = YES;
				CLANG_WARN_DEPRECATED_OBJC_IMPLEMENTATIONS = YES;
				CLANG_WARN_DIRECT_OBJC_ISA_USAGE = YES_ERROR;
				CLANG_WARN_DOCUMENTATION_COMMENTS = YES;
				CLANG_WARN_EMPTY_BODY = YES;
				CLANG_WARN_ENUM_CONVERSION = YES;
				CLANG_WARN_INFINITE_RECURSION = YES;
				CLANG_WARN_INT_CONVERSION = YES;
				CLANG_WARN_NON_LITERAL_NULL_CONVERSION = YES;
				CLANG_WARN_OBJC_IMPLICIT_RETAIN_SELF = YES;
				CLANG_WARN_OBJC_LITERAL_CONVERSION = YES;
				CLANG_WARN_OBJC_ROOT_CLASS = YES_ERROR;
				CLANG_WARN_QUOTED_INCLUDE_IN_FRAMEWORK_HEADER = YES;
				CLANG_WARN_RANGE_LOOP_ANALYSIS = YES;
				CLANG_WARN_STRICT_PROTOTYPES = YES;
				CLANG_WARN_SUSPICIOUS_MOVE = YES;
				CLANG_WARN_UNGUARDED_AVAILABILITY = YES_AGGRESSIVE;
				CLANG_WARN_UNREACHABLE_CODE = YES;
				CLANG_WARN__DUPLICATE_METHOD_MATCH = YES;
				COPY_PHASE_STRIP = NO;
				DEBUG_INFORMATION_FORMAT = dwarf;
				ENABLE_STRICT_OBJC_MSGSEND = YES;
				ENABLE_TESTABILITY = YES;
				ENABLE_USER_SCRIPT_SANDBOXING = YES;
				GCC_C_LANGUAGE_STANDARD = gnu17;
				GCC_DYNAMIC_NO_PIC = NO;
				GCC_NO_COMMON_BLOCKS = YES;
				GCC_OPTIMIZATION_LEVEL = 0;
				GCC_PREPROCESSOR_DEFINITIONS = (
					"DEBUG=1",
					"$(inherited)",
				);
				GCC_WARN_64_TO_32_BIT_CONVERSION = YES;
				GCC_WARN_ABOUT_RETURN_TYPE = YES_ERROR;
				GCC_WARN_UNDECLARED_SELECTOR = YES;
				GCC_WARN_UNINITIALIZED_AUTOS = YES_AGGRESSIVE;
				GCC_WARN_UNUSED_FUNCTION = YES;
				GCC_WARN_UNUSED_VARIABLE = YES;
				IPHONEOS_DEPLOYMENT_TARGET = 18.5;
				LOCALIZATION_PREFERS_STRING_CATALOGS = YES;
				MTL_ENABLE_DEBUG_INFO = INCLUDE_SOURCE;
				MTL_FAST_MATH = YES;
				ONLY_ACTIVE_ARCH = YES;
				SDKROOT = iphoneos;
				SWIFT_ACTIVE_COMPILATION_CONDITIONS = "DEBUG $(inherited)";
				SWIFT_OPTIMIZATION_LEVEL = "-Onone";
			};
			name = Debug;
		};
		D99B7C842DF7D28800D73E7E /* Release */ = {
			isa = XCBuildConfiguration;
			buildSettings = {
				ALWAYS_SEARCH_USER_PATHS = NO;
				ASSETCATALOG_COMPILER_GENERATE_SWIFT_ASSET_SYMBOL_EXTENSIONS = YES;
				CLANG_ANALYZER_NONNULL = YES;
				CLANG_ANALYZER_NUMBER_OBJECT_CONVERSION = YES_AGGRESSIVE;
				CLANG_CXX_LANGUAGE_STANDARD = "gnu++20";
				CLANG_ENABLE_MODULES = YES;
				CLANG_ENABLE_OBJC_ARC = YES;
				CLANG_ENABLE_OBJC_WEAK = YES;
				CLANG_WARN_BLOCK_CAPTURE_AUTORELEASING = YES;
				CLANG_WARN_BOOL_CONVERSION = YES;
				CLANG_WARN_COMMA = YES;
				CLANG_WARN_CONSTANT_CONVERSION = YES;
				CLANG_WARN_DEPRECATED_OBJC_IMPLEMENTATIONS = YES;
				CLANG_WARN_DIRECT_OBJC_ISA_USAGE = YES_ERROR;
				CLANG_WARN_DOCUMENTATION_COMMENTS = YES;
				CLANG_WARN_EMPTY_BODY = YES;
				CLANG_WARN_ENUM_CONVERSION = YES;
				CLANG_WARN_INFINITE_RECURSION = YES;
				CLANG_WARN_INT_CONVERSION = YES;
				CLANG_WARN_NON_LITERAL_NULL_CONVERSION = YES;
				CLANG_WARN_OBJC_IMPLICIT_RETAIN_SELF = YES;
				CLANG_WARN_OBJC_LITERAL_CONVERSION = YES;
				CLANG_WARN_OBJC_ROOT_CLASS = YES_ERROR;
				CLANG_WARN_QUOTED_INCLUDE_IN_FRAMEWORK_HEADER = YES;
				CLANG_WARN_RANGE_LOOP_ANALYSIS = YES;
				CLANG_WARN_STRICT_PROTOTYPES = YES;
				CLANG_WARN_SUSPICIOUS_MOVE = YES;
				CLANG_WARN_UNGUARDED_AVAILABILITY = YES_AGGRESSIVE;
				CLANG_WARN_UNREACHABLE_CODE = YES;
				CLANG_WARN__DUPLICATE_METHOD_MATCH = YES;
				COPY_PHASE_STRIP = NO;
				DEBUG_INFORMATION_FORMAT = "dwarf-with-dsym";
				ENABLE_NS_ASSERTIONS = NO;
				ENABLE_STRICT_OBJC_MSGSEND = YES;
				ENABLE_USER_SCRIPT_SANDBOXING = YES;
				GCC_C_LANGUAGE_STANDARD = gnu17;
				GCC_NO_COMMON_BLOCKS = YES;
				GCC_WARN_64_TO_32_BIT_CONVERSION = YES;
				GCC_WARN_ABOUT_RETURN_TYPE = YES_ERROR;
				GCC_WARN_UNDECLARED_SELECTOR = YES;
				GCC_WARN_UNINITIALIZED_AUTOS = YES_AGGRESSIVE;
				GCC_WARN_UNUSED_FUNCTION = YES;
				GCC_WARN_UNUSED_VARIABLE = YES;
				IPHONEOS_DEPLOYMENT_TARGET = 18.5;
				LOCALIZATION_PREFERS_STRING_CATALOGS = YES;
				MTL_ENABLE_DEBUG_INFO = NO;
				MTL_FAST_MATH = YES;
				SDKROOT = iphoneos;
				SWIFT_COMPILATION_MODE = wholemodule;
				VALIDATE_PRODUCT = YES;
			};
			name = Release;
		};
		D99B7C862DF7D28800D73E7E /* Debug */ = {
			isa = XCBuildConfiguration;
			buildSettings = {
				ASSETCATALOG_COMPILER_APPICON_NAME = AppIcon;
				ASSETCATALOG_COMPILER_GLOBAL_ACCENT_COLOR_NAME = AccentColor;
				CODE_SIGN_STYLE = Automatic;
				CURRENT_PROJECT_VERSION = 1;
				ENABLE_PREVIEWS = YES;
				GENERATE_INFOPLIST_FILE = YES;
				INFOPLIST_KEY_UIApplicationSceneManifest_Generation = YES;
				INFOPLIST_KEY_UIApplicationSupportsIndirectInputEvents = YES;
				INFOPLIST_KEY_UILaunchScreen_Generation = YES;
				INFOPLIST_KEY_UISupportedInterfaceOrientations_iPad = "UIInterfaceOrientationPortrait UIInterfaceOrientationPortraitUpsideDown UIInterfaceOrientationLandscapeLeft UIInterfaceOrientationLandscapeRight";
				INFOPLIST_KEY_UISupportedInterfaceOrientations_iPhone = "UIInterfaceOrientationPortrait UIInterfaceOrientationLandscapeLeft UIInterfaceOrientationLandscapeRight";
				LD_RUNPATH_SEARCH_PATHS = (
					"$(inherited)",
					"@executable_path/Frameworks",
				);
				MARKETING_VERSION = 1.0;
				PRODUCT_BUNDLE_IDENTIFIER = com.sylvester.RoadBuddy.RoadBuddy;
				PRODUCT_NAME = "$(TARGET_NAME)";
				SWIFT_EMIT_LOC_STRINGS = YES;
				SWIFT_VERSION = 5.0;
				TARGETED_DEVICE_FAMILY = "1,2";
			};
			name = Debug;
		};
		D99B7C872DF7D28800D73E7E /* Release */ = {
			isa = XCBuildConfiguration;
			buildSettings = {
				ASSETCATALOG_COMPILER_APPICON_NAME = AppIcon;
				ASSETCATALOG_COMPILER_GLOBAL_ACCENT_COLOR_NAME = AccentColor;
				CODE_SIGN_STYLE = Automatic;
				CURRENT_PROJECT_VERSION = 1;
				ENABLE_PREVIEWS = YES;
				GENERATE_INFOPLIST_FILE = YES;
				INFOPLIST_KEY_UIApplicationSceneManifest_Generation = YES;
				INFOPLIST_KEY_UIApplicationSupportsIndirectInputEvents = YES;
				INFOPLIST_KEY_UILaunchScreen_Generation = YES;
				INFOPLIST_KEY_UISupportedInterfaceOrientations_iPad = "UIInterfaceOrientationPortrait UIInterfaceOrientationPortraitUpsideDown UIInterfaceOrientationLandscapeLeft UIInterfaceOrientationLandscapeRight";
				INFOPLIST_KEY_UISupportedInterfaceOrientations_iPhone = "UIInterfaceOrientationPortrait UIInterfaceOrientationLandscapeLeft UIInterfaceOrientationLandscapeRight";
				LD_RUNPATH_SEARCH_PATHS = (
					"$(inherited)",
					"@executable_path/Frameworks",
				);
				MARKETING_VERSION = 1.0;
				PRODUCT_BUNDLE_IDENTIFIER = com.sylvester.RoadBuddy.RoadBuddy;
				PRODUCT_NAME = "$(TARGET_NAME)";
				SWIFT_EMIT_LOC_STRINGS = YES;
				SWIFT_VERSION = 5.0;
				TARGETED_DEVICE_FAMILY = "1,2";
			};
			name = Release;
		};
		D99B7C892DF7D28800D73E7E /* Debug */ = {
			isa = XCBuildConfiguration;
			buildSettings = {
				BUNDLE_LOADER = "$(TEST_HOST)";
				CODE_SIGN_STYLE = Automatic;
				CURRENT_PROJECT_VERSION = 1;
				GENERATE_INFOPLIST_FILE = YES;
				IPHONEOS_DEPLOYMENT_TARGET = 18.5;
				MARKETING_VERSION = 1.0;
				PRODUCT_BUNDLE_IDENTIFIER = com.sylvester.RoadBuddy.RoadBuddyTests;
				PRODUCT_NAME = "$(TARGET_NAME)";
				SWIFT_EMIT_LOC_STRINGS = NO;
				SWIFT_VERSION = 5.0;
				TARGETED_DEVICE_FAMILY = "1,2";
				TEST_HOST = "$(BUILT_PRODUCTS_DIR)/RoadBuddy.app/$(BUNDLE_EXECUTABLE_FOLDER_PATH)/RoadBuddy";
			};
			name = Debug;
		};
		D99B7C8A2DF7D28800D73E7E /* Release */ = {
			isa = XCBuildConfiguration;
			buildSettings = {
				BUNDLE_LOADER = "$(TEST_HOST)";
				CODE_SIGN_STYLE = Automatic;
				CURRENT_PROJECT_VERSION = 1;
				GENERATE_INFOPLIST_FILE = YES;
				IPHONEOS_DEPLOYMENT_TARGET = 18.5;
				MARKETING_VERSION = 1.0;
				PRODUCT_BUNDLE_IDENTIFIER = com.sylvester.RoadBuddy.RoadBuddyTests;
				PRODUCT_NAME = "$(TARGET_NAME)";
				SWIFT_EMIT_LOC_STRINGS = NO;
				SWIFT_VERSION = 5.0;
				TARGETED_DEVICE_FAMILY = "1,2";
				TEST_HOST = "$(BUILT_PRODUCTS_DIR)/RoadBuddy.app/$(BUNDLE_EXECUTABLE_FOLDER_PATH)/RoadBuddy";
			};
			name = Release;
		};
		D99B7C8C2DF7D28800D73E7E /* Debug */ = {
			isa = XCBuildConfiguration;
			buildSettings = {
				CODE_SIGN_STYLE = Automatic;
				CURRENT_PROJECT_VERSION = 1;
				GENERATE_INFOPLIST_FILE = YES;
				MARKETING_VERSION = 1.0;
				PRODUCT_BUNDLE_IDENTIFIER = com.sylvester.RoadBuddy.RoadBuddyUITests;
				PRODUCT_NAME = "$(TARGET_NAME)";
				SWIFT_EMIT_LOC_STRINGS = NO;
				SWIFT_VERSION = 5.0;
				TARGETED_DEVICE_FAMILY = "1,2";
				TEST_TARGET_NAME = RoadBuddy;
			};
			name = Debug;
		};
		D99B7C8D2DF7D28800D73E7E /* Release */ = {
			isa = XCBuildConfiguration;
			buildSettings = {
				CODE_SIGN_STYLE = Automatic;
				CURRENT_PROJECT_VERSION = 1;
				GENERATE_INFOPLIST_FILE = YES;
				MARKETING_VERSION = 1.0;
				PRODUCT_BUNDLE_IDENTIFIER = com.sylvester.RoadBuddy.RoadBuddyUITests;
				PRODUCT_NAME = "$(TARGET_NAME)";
				SWIFT_EMIT_LOC_STRINGS = NO;
				SWIFT_VERSION = 5.0;
				TARGETED_DEVICE_FAMILY = "1,2";
				TEST_TARGET_NAME = RoadBuddy;
			};
			name = Release;
		};
/* End XCBuildConfiguration section */

/* Begin XCConfigurationList section */
		D99B7C5F2DF7D28600D73E7E /* Build configuration list for PBXProject "RoadBuddy" */ = {
			isa = XCConfigurationList;
			buildConfigurations = (
				D99B7C832DF7D28800D73E7E /* Debug */,
				D99B7C842DF7D28800D73E7E /* Release */,
			);
			defaultConfigurationIsVisible = 0;
			defaultConfigurationName = Release;
		};
		D99B7C852DF7D28800D73E7E /* Build configuration list for PBXNativeTarget "RoadBuddy" */ = {
			isa = XCConfigurationList;
			buildConfigurations = (
				D99B7C862DF7D28800D73E7E /* Debug */,
				D99B7C872DF7D28800D73E7E /* Release */,
			);
			defaultConfigurationIsVisible = 0;
			defaultConfigurationName = Release;
		};
		D99B7C882DF7D28800D73E7E /* Build configuration list for PBXNativeTarget "RoadBuddyTests" */ = {
			isa = XCConfigurationList;
			buildConfigurations = (
				D99B7C892DF7D28800D73E7E /* Debug */,
				D99B7C8A2DF7D28800D73E7E /* Release */,
			);
			defaultConfigurationIsVisible = 0;
			defaultConfigurationName = Release;
		};
		D99B7C8B2DF7D28800D73E7E /* Build configuration list for PBXNativeTarget "RoadBuddyUITests" */ = {
			isa = XCConfigurationList;
			buildConfigurations = (
				D99B7C8C2DF7D28800D73E7E /* Debug */,
				D99B7C8D2DF7D28800D73E7E /* Release */,
			);
			defaultConfigurationIsVisible = 0;
			defaultConfigurationName = Release;
		};
/* End XCConfigurationList section */
	};
	rootObject = D99B7C5C2DF7D28600D73E7E /* Project object */;
}
